
Microsoft Visual Studio Solution File, Format Version 12.00
# Visual Studio Version 17
VisualStudioVersion = 17.5.33516.290
MinimumVisualStudioVersion = 10.0.40219.1
Project("{9A19103F-16F7-4668-BE54-9A1E7A4F7556}") = "P1", "P1\P1.csproj", "{DEC786A5-3939-4206-8423-519F7166084E}"
EndProject
Project("{FAE04EC0-301F-11D3-BF4B-00C04F79EFBC}") = "P1Tests", "P1Tests\P1Tests.csproj", "{06B906FF-2468-427B-8712-0A99B011DAFC}"
EndProject
Global
	GlobalSection(SolutionConfigurationPlatforms) = preSolution
		Debug|Any CPU = Debug|Any CPU
		Release|Any CPU = Release|Any CPU
	EndGlobalSection
	GlobalSection(ProjectConfigurationPlatforms) = postSolution
		{DEC786A5-3939-4206-8423-519F7166084E}.Debug|Any CPU.ActiveCfg = Debug|Any CPU
		{DEC786A5-3939-4206-8423-519F7166084E}.Debug|Any CPU.Build.0 = Debug|Any CPU
		{DEC786A5-3939-4206-8423-519F7166084E}.Release|Any CPU.ActiveCfg = Release|Any CPU
		{DEC786A5-3939-4206-8423-519F7166084E}.Release|Any CPU.Build.0 = Release|Any CPU
		{06B906FF-2468-427B-8712-0A99B011DAFC}.Debug|Any CPU.ActiveCfg = Debug|Any CPU
		{06B906FF-2468-427B-8712-0A99B011DAFC}.Debug|Any CPU.Build.0 = Debug|Any CPU
		{06B906FF-2468-427B-8712-0A99B011DAFC}.Release|Any CPU.ActiveCfg = Release|Any CPU
		{06B906FF-2468-427B-8712-0A99B011DAFC}.Release|Any CPU.Build.0 = Release|Any CPU
	EndGlobalSection
	GlobalSection(SolutionProperties) = preSolution
		HideSolutionNode = FALSE
	EndGlobalSection
	GlobalSection(ExtensibilityGlobals) = postSolution
		SolutionGuid = {A57FEFFA-BC8C-4785-BD5F-6582484FF02F}
	EndGlobalSection
EndGlobal
